Microsoft Visual Studio Solution File, Format Version 12.00
# Visual Studio Version 17
VisualStudioVersion = 17.5.2.0
MinimumVisualStudioVersion = 10.0.40219.1
Project("{FAE04EC0-301F-11D3-BF4B-00C04F79EFBC}") = "TOEICReading4.Tests", "TOEICReading4.Tests\TOEICReading4.Tests.csproj", "{22B3F518-EFFF-55A2-560E-D3878D311A78}"
EndProject
Project("{FAE04EC0-301F-11D3-BF4B-00C04F79EFBC}") = "TOEICReading4.Web.Tests", "TOEICReading4.Web.Tests\TOEICReading4.Web.Tests.csproj", "{AB958647-6DBF-3E8E-FA2F-EF0A2A00945E}"
EndProject
Global
	GlobalSection(SolutionConfigurationPlatforms) = preSolution
		Debug|Any CPU = Debug|Any CPU
		Release|Any CPU = Release|Any CPU
	EndGlobalSection
	GlobalSection(ProjectConfigurationPlatforms) = postSolution
		{22B3F518-EFFF-55A2-560E-D3878D311A78}.Debug|Any CPU.ActiveCfg = Debug|Any CPU
		{22B3F518-EFFF-55A2-560E-D3878D311A78}.Debug|Any CPU.Build.0 = Debug|Any CPU
		{22B3F518-EFFF-55A2-560E-D3878D311A78}.Release|Any CPU.ActiveCfg = Release|Any CPU
		{22B3F518-EFFF-55A2-560E-D3878D311A78}.Release|Any CPU.Build.0 = Release|Any CPU
		{AB958647-6DBF-3E8E-FA2F-EF0A2A00945E}.Debug|Any CPU.ActiveCfg = Debug|Any CPU
		{AB958647-6DBF-3E8E-FA2F-EF0A2A00945E}.Debug|Any CPU.Build.0 = Debug|Any CPU
		{AB958647-6DBF-3E8E-FA2F-EF0A2A00945E}.Release|Any CPU.ActiveCfg = Release|Any CPU
		{AB958647-6DBF-3E8E-FA2F-EF0A2A00945E}.Release|Any CPU.Build.0 = Release|Any CPU
	EndGlobalSection
	GlobalSection(SolutionProperties) = preSolution
		HideSolutionNode = FALSE
	EndGlobalSection
	GlobalSection(ExtensibilityGlobals) = postSolution
		SolutionGuid = {E4D0BE74-4F95-4387-A954-2704610EA4AB}
	EndGlobalSection
EndGlobal
